
Microsoft Visual Studio Solution File, Format Version 12.00
# Visual Studio Version 16
VisualStudioVersion = 16.0.31702.278
MinimumVisualStudioVersion = 10.0.40219.1
Project("{9A19103F-16F7-4668-BE54-9A1E7A4F7556}") = "pz_5", "pz_5\pz_5.csproj", "{B3A4B4B2-3914-4F5F-95C4-B8BA030661CD}"
EndProject
Project("{9A19103F-16F7-4668-BE54-9A1E7A4F7556}") = "pz_6", "pz_6\pz_6.csproj", "{6B6746B5-BCDF-4043-BF87-EDDF42D38F45}"
EndProject
Project("{9A19103F-16F7-4668-BE54-9A1E7A4F7556}") = "pz_7", "pz_7\pz_7.csproj", "{977F15DF-7269-4437-AAF4-BA9FDE30524A}"
EndProject
Project("{9A19103F-16F7-4668-BE54-9A1E7A4F7556}") = "pz_8", "pz_8\pz_8.csproj", "{247059F7-43C5-47A6-9D15-C5E13B6B77AC}"
EndProject
Project("{9A19103F-16F7-4668-BE54-9A1E7A4F7556}") = "pz_10", "pz_10\pz_10.csproj", "{28617150-DBF6-42AB-A895-4AAB48D7E44A}"
EndProject
Project("{9A19103F-16F7-4668-BE54-9A1E7A4F7556}") = "regex", "regex\regex.csproj", "{40DCA08D-4C3D-4698-8F98-C3DEAA1DA575}"
EndProject
Project("{9A19103F-16F7-4668-BE54-9A1E7A4F7556}") = "pz_2.3", "pz_2.3\pz_2.3.csproj", "{A2A07CD6-7713-45E5-9C96-B9CCB63ABE51}"
EndProject
Project("{2150E333-8FDC-42A3-9474-1A3956D46DE8}") = "Solution Items", "Solution Items", "{9F45565C-49CB-4A9A-B038-CC28B1D04C81}"
EndProject
Project("{FAE04EC0-301F-11D3-BF4B-00C04F79EFBC}") = "Pz_11", "Pz_11\Pz_11.csproj", "{A10F052C-1713-4AC2-AD41-AC43E418808B}"
EndProject
Global
	GlobalSection(SolutionConfigurationPlatforms) = preSolution
		Debug|Any CPU = Debug|Any CPU
		Release|Any CPU = Release|Any CPU
	EndGlobalSection
	GlobalSection(ProjectConfigurationPlatforms) = postSolution
		{B3A4B4B2-3914-4F5F-95C4-B8BA030661CD}.Debug|Any CPU.ActiveCfg = Debug|Any CPU
		{B3A4B4B2-3914-4F5F-95C4-B8BA030661CD}.Debug|Any CPU.Build.0 = Debug|Any CPU
		{B3A4B4B2-3914-4F5F-95C4-B8BA030661CD}.Release|Any CPU.ActiveCfg = Release|Any CPU
		{B3A4B4B2-3914-4F5F-95C4-B8BA030661CD}.Release|Any CPU.Build.0 = Release|Any CPU
		{6B6746B5-BCDF-4043-BF87-EDDF42D38F45}.Debug|Any CPU.ActiveCfg = Debug|Any CPU
		{6B6746B5-BCDF-4043-BF87-EDDF42D38F45}.Debug|Any CPU.Build.0 = Debug|Any CPU
		{6B6746B5-BCDF-4043-BF87-EDDF42D38F45}.Release|Any CPU.ActiveCfg = Release|Any CPU
		{6B6746B5-BCDF-4043-BF87-EDDF42D38F45}.Release|Any CPU.Build.0 = Release|Any CPU
		{977F15DF-7269-4437-AAF4-BA9FDE30524A}.Debug|Any CPU.ActiveCfg = Debug|Any CPU
		{977F15DF-7269-4437-AAF4-BA9FDE30524A}.Debug|Any CPU.Build.0 = Debug|Any CPU
		{977F15DF-7269-4437-AAF4-BA9FDE30524A}.Release|Any CPU.ActiveCfg = Release|Any CPU
		{977F15DF-7269-4437-AAF4-BA9FDE30524A}.Release|Any CPU.Build.0 = Release|Any CPU
		{247059F7-43C5-47A6-9D15-C5E13B6B77AC}.Debug|Any CPU.ActiveCfg = Debug|Any CPU
		{247059F7-43C5-47A6-9D15-C5E13B6B77AC}.Debug|Any CPU.Build.0 = Debug|Any CPU
		{247059F7-43C5-47A6-9D15-C5E13B6B77AC}.Release|Any CPU.ActiveCfg = Release|Any CPU
		{247059F7-43C5-47A6-9D15-C5E13B6B77AC}.Release|Any CPU.Build.0 = Release|Any CPU
		{28617150-DBF6-42AB-A895-4AAB48D7E44A}.Debug|Any CPU.ActiveCfg = Debug|Any CPU
		{28617150-DBF6-42AB-A895-4AAB48D7E44A}.Debug|Any CPU.Build.0 = Debug|Any CPU
		{28617150-DBF6-42AB-A895-4AAB48D7E44A}.Release|Any CPU.ActiveCfg = Release|Any CPU
		{28617150-DBF6-42AB-A895-4AAB48D7E44A}.Release|Any CPU.Build.0 = Release|Any CPU
		{40DCA08D-4C3D-4698-8F98-C3DEAA1DA575}.Debug|Any CPU.ActiveCfg = Debug|Any CPU
		{40DCA08D-4C3D-4698-8F98-C3DEAA1DA575}.Debug|Any CPU.Build.0 = Debug|Any CPU
		{40DCA08D-4C3D-4698-8F98-C3DEAA1DA575}.Release|Any CPU.ActiveCfg = Release|Any CPU
		{40DCA08D-4C3D-4698-8F98-C3DEAA1DA575}.Release|Any CPU.Build.0 = Release|Any CPU
		{A2A07CD6-7713-45E5-9C96-B9CCB63ABE51}.Debug|Any CPU.ActiveCfg = Debug|Any CPU
		{A2A07CD6-7713-45E5-9C96-B9CCB63ABE51}.Debug|Any CPU.Build.0 = Debug|Any CPU
		{A2A07CD6-7713-45E5-9C96-B9CCB63ABE51}.Release|Any CPU.ActiveCfg = Release|Any CPU
		{A2A07CD6-7713-45E5-9C96-B9CCB63ABE51}.Release|Any CPU.Build.0 = Release|Any CPU
		{A10F052C-1713-4AC2-AD41-AC43E418808B}.Debug|Any CPU.ActiveCfg = Debug|Any CPU
		{A10F052C-1713-4AC2-AD41-AC43E418808B}.Debug|Any CPU.Build.0 = Debug|Any CPU
		{A10F052C-1713-4AC2-AD41-AC43E418808B}.Release|Any CPU.ActiveCfg = Release|Any CPU
		{A10F052C-1713-4AC2-AD41-AC43E418808B}.Release|Any CPU.Build.0 = Release|Any CPU
	EndGlobalSection
	GlobalSection(SolutionProperties) = preSolution
		HideSolutionNode = FALSE
	EndGlobalSection
	GlobalSection(ExtensibilityGlobals) = postSolution
		SolutionGuid = {A787275D-2939-4A9D-8A49-D6A4C71D9089}
	EndGlobalSection
EndGlobal
